
Microsoft Visual Studio Solution File, Format Version 12.00
# Visual Studio 15
VisualStudioVersion = 15.0.28307.329
MinimumVisualStudioVersion = 10.0.40219.1
Project("{2150E333-8FDC-42A3-9474-1A3956D46DE8}") = "src", "src", "{ABCAF428-27B0-45EA-A3CA-723AC5A12D3E}"
EndProject
Project("{2150E333-8FDC-42A3-9474-1A3956D46DE8}") = "Solution Items", "Solution Items", "{60195D2E-BBB7-4812-91D3-D1779FADC1B7}"
	ProjectSection(SolutionItems) = preProject
		global.json = global.json
	EndProjectSection
EndProject
Project("{9A19103F-16F7-4668-BE54-9A1E7A4F7556}") = "Jaxx.FileSync.Shared", "src\Jaxx.FileSync.Shared\Jaxx.FileSync.Shared.csproj", "{11C01071-E313-4755-8635-C85C3AB9882D}"
EndProject
Project("{9A19103F-16F7-4668-BE54-9A1E7A4F7556}") = "Jaxx.FileSync.GoogleDrive", "src\Jaxx.FileSync.GoogleDrive\Jaxx.FileSync.GoogleDrive.csproj", "{BF2FF1F5-8E14-471B-A06D-79FCDE73832F}"
EndProject
Project("{9A19103F-16F7-4668-BE54-9A1E7A4F7556}") = "Jaxx.FileSync", "src\Jaxx.FileSync\Jaxx.FileSync.csproj", "{84D9E832-CA24-421A-B274-E6B9BBB9E42A}"
EndProject
Global
	GlobalSection(SolutionConfigurationPlatforms) = preSolution
		Debug|Any CPU = Debug|Any CPU
		Release|Any CPU = Release|Any CPU
	EndGlobalSection
	GlobalSection(ProjectConfigurationPlatforms) = postSolution
		{11C01071-E313-4755-8635-C85C3AB9882D}.Debug|Any CPU.ActiveCfg = Debug|Any CPU
		{11C01071-E313-4755-8635-C85C3AB9882D}.Debug|Any CPU.Build.0 = Debug|Any CPU
		{11C01071-E313-4755-8635-C85C3AB9882D}.Release|Any CPU.ActiveCfg = Release|Any CPU
		{11C01071-E313-4755-8635-C85C3AB9882D}.Release|Any CPU.Build.0 = Release|Any CPU
		{BF2FF1F5-8E14-471B-A06D-79FCDE73832F}.Debug|Any CPU.ActiveCfg = Debug|Any CPU
		{BF2FF1F5-8E14-471B-A06D-79FCDE73832F}.Debug|Any CPU.Build.0 = Debug|Any CPU
		{BF2FF1F5-8E14-471B-A06D-79FCDE73832F}.Release|Any CPU.ActiveCfg = Release|Any CPU
		{BF2FF1F5-8E14-471B-A06D-79FCDE73832F}.Release|Any CPU.Build.0 = Release|Any CPU
		{84D9E832-CA24-421A-B274-E6B9BBB9E42A}.Debug|Any CPU.ActiveCfg = Debug|Any CPU
		{84D9E832-CA24-421A-B274-E6B9BBB9E42A}.Debug|Any CPU.Build.0 = Debug|Any CPU
		{84D9E832-CA24-421A-B274-E6B9BBB9E42A}.Release|Any CPU.ActiveCfg = Release|Any CPU
		{84D9E832-CA24-421A-B274-E6B9BBB9E42A}.Release|Any CPU.Build.0 = Release|Any CPU
	EndGlobalSection
	GlobalSection(SolutionProperties) = preSolution
		HideSolutionNode = FALSE
	EndGlobalSection
	GlobalSection(NestedProjects) = preSolution
		{11C01071-E313-4755-8635-C85C3AB9882D} = {ABCAF428-27B0-45EA-A3CA-723AC5A12D3E}
		{BF2FF1F5-8E14-471B-A06D-79FCDE73832F} = {ABCAF428-27B0-45EA-A3CA-723AC5A12D3E}
		{84D9E832-CA24-421A-B274-E6B9BBB9E42A} = {ABCAF428-27B0-45EA-A3CA-723AC5A12D3E}
	EndGlobalSection
	GlobalSection(ExtensibilityGlobals) = postSolution
		SolutionGuid = {853CC2DC-4DAD-4A2C-B0E6-BFA2DE59D5D9}
	EndGlobalSection
EndGlobal
